
Microsoft Visual Studio Solution File, Format Version 12.00
# Visual Studio Version 17
VisualStudioVersion = 17.1.32328.378
MinimumVisualStudioVersion = 10.0.40219.1
Project("{9A19103F-16F7-4668-BE54-9A1E7A4F7556}") = "Eleventh Project", "Eleventh Project.csproj", "{777183A4-0B95-49AA-A97C-29D82BAFE06D}"
EndProject
Global
	GlobalSection(SolutionConfigurationPlatforms) = preSolution
		Debug|Any CPU = Debug|Any CPU
		Release|Any CPU = Release|Any CPU
	EndGlobalSection
	GlobalSection(ProjectConfigurationPlatforms) = postSolution
		{777183A4-0B95-49AA-A97C-29D82BAFE06D}.Debug|Any CPU.ActiveCfg = Debug|Any CPU
		{777183A4-0B95-49AA-A97C-29D82BAFE06D}.Debug|Any CPU.Build.0 = Debug|Any CPU
		{777183A4-0B95-49AA-A97C-29D82BAFE06D}.Release|Any CPU.ActiveCfg = Release|Any CPU
		{777183A4-0B95-49AA-A97C-29D82BAFE06D}.Release|Any CPU.Build.0 = Release|Any CPU
	EndGlobalSection
	GlobalSection(SolutionProperties) = preSolution
		HideSolutionNode = FALSE
	EndGlobalSection
	GlobalSection(ExtensibilityGlobals) = postSolution
		SolutionGuid = {42D6D866-E1A2-4B00-A3DD-D091A408471D}
	EndGlobalSection
EndGlobal
